
Microsoft Visual Studio Solution File, Format Version 12.00
# Visual Studio 15
VisualStudioVersion = 15.0.27703.2042
MinimumVisualStudioVersion = 10.0.40219.1
Project("{E24C65DC-7377-472B-9ABA-BC803B73C61A}") = "Cadastro", "Cadastro\", "{75D5D632-B2FF-4BD4-822A-F3B9C958B761}"
	ProjectSection(WebsiteProperties) = preProject
		TargetFrameworkMoniker = ".NETFramework,Version%3Dv4.6.1"
		Debug.AspNetCompiler.VirtualPath = "/localhost_57478"
		Debug.AspNetCompiler.PhysicalPath = "Cadastro\"
		Debug.AspNetCompiler.TargetPath = "PrecompiledWeb\localhost_57478\"
		Debug.AspNetCompiler.Updateable = "true"
		Debug.AspNetCompiler.ForceOverwrite = "true"
		Debug.AspNetCompiler.FixedNames = "false"
		Debug.AspNetCompiler.Debug = "True"
		Release.AspNetCompiler.VirtualPath = "/localhost_57478"
		Release.AspNetCompiler.PhysicalPath = "Cadastro\"
		Release.AspNetCompiler.TargetPath = "PrecompiledWeb\localhost_57478\"
		Release.AspNetCompiler.Updateable = "true"
		Release.AspNetCompiler.ForceOverwrite = "true"
		Release.AspNetCompiler.FixedNames = "false"
		Release.AspNetCompiler.Debug = "False"
		VWDPort = "57478"
		SlnRelativePath = "Cadastro\"
		DefaultWebSiteLanguage = "Visual C#"
	EndProjectSection
EndProject
Global
	GlobalSection(SolutionConfigurationPlatforms) = preSolution
		Debug|Any CPU = Debug|Any CPU
	EndGlobalSection
	GlobalSection(ProjectConfigurationPlatforms) = postSolution
		{75D5D632-B2FF-4BD4-822A-F3B9C958B761}.Debug|Any CPU.ActiveCfg = Debug|Any CPU
		{75D5D632-B2FF-4BD4-822A-F3B9C958B761}.Debug|Any CPU.Build.0 = Debug|Any CPU
	EndGlobalSection
	GlobalSection(SolutionProperties) = preSolution
		HideSolutionNode = FALSE
	EndGlobalSection
	GlobalSection(ExtensibilityGlobals) = postSolution
		SolutionGuid = {015437AB-6EDD-49A8-942A-37A28C90C018}
	EndGlobalSection
EndGlobal
